
Microsoft Visual Studio Solution File, Format Version 12.00
# Visual Studio 15
Project("{FAE04EC0-301F-11D3-BF4B-00C04F79EFBC}") = "Assembly-CSharp", "Assembly-CSharp.csproj", "{B6CAE951-4E0A-A782-934C-9FE0EA1C3CD8}"
EndProject
Project("{FAE04EC0-301F-11D3-BF4B-00C04F79EFBC}") = "Assembly-CSharp-Editor", "Assembly-CSharp-Editor.csproj", "{FD1219B8-D8B4-3556-990C-52BE814E210B}"
EndProject
Global
	GlobalSection(SolutionConfigurationPlatforms) = preSolution
		Debug|Any CPU = Debug|Any CPU
		Release|Any CPU = Release|Any CPU
	EndGlobalSection
	GlobalSection(ProjectConfigurationPlatforms) = postSolution
		{B6CAE951-4E0A-A782-934C-9FE0EA1C3CD8}.Debug|Any CPU.ActiveCfg = Debug|Any CPU
		{B6CAE951-4E0A-A782-934C-9FE0EA1C3CD8}.Debug|Any CPU.Build.0 = Debug|Any CPU
		{B6CAE951-4E0A-A782-934C-9FE0EA1C3CD8}.Release|Any CPU.ActiveCfg = Release|Any CPU
		{B6CAE951-4E0A-A782-934C-9FE0EA1C3CD8}.Release|Any CPU.Build.0 = Release|Any CPU
		{FD1219B8-D8B4-3556-990C-52BE814E210B}.Debug|Any CPU.ActiveCfg = Debug|Any CPU
		{FD1219B8-D8B4-3556-990C-52BE814E210B}.Debug|Any CPU.Build.0 = Debug|Any CPU
		{FD1219B8-D8B4-3556-990C-52BE814E210B}.Release|Any CPU.ActiveCfg = Release|Any CPU
		{FD1219B8-D8B4-3556-990C-52BE814E210B}.Release|Any CPU.Build.0 = Release|Any CPU
	EndGlobalSection
	GlobalSection(SolutionProperties) = preSolution
		HideSolutionNode = FALSE
	EndGlobalSection
EndGlobal
